
Microsoft Visual Studio Solution File, Format Version 12.00
# Visual Studio Version 16
VisualStudioVersion = 16.0.31129.286
MinimumVisualStudioVersion = 10.0.40219.1
Project("{FAE04EC0-301F-11D3-BF4B-00C04F79EFBC}") = "TopWords", "TopWords\TopWords.csproj", "{96FE6A49-86B2-473A-8FBF-421B6058CBEF}"
EndProject
Global
	GlobalSection(SolutionConfigurationPlatforms) = preSolution
		Debug|Any CPU = Debug|Any CPU
		Release|Any CPU = Release|Any CPU
	EndGlobalSection
	GlobalSection(ProjectConfigurationPlatforms) = postSolution
		{96FE6A49-86B2-473A-8FBF-421B6058CBEF}.Debug|Any CPU.ActiveCfg = Debug|Any CPU
		{96FE6A49-86B2-473A-8FBF-421B6058CBEF}.Debug|Any CPU.Build.0 = Debug|Any CPU
		{96FE6A49-86B2-473A-8FBF-421B6058CBEF}.Release|Any CPU.ActiveCfg = Release|Any CPU
		{96FE6A49-86B2-473A-8FBF-421B6058CBEF}.Release|Any CPU.Build.0 = Release|Any CPU
	EndGlobalSection
	GlobalSection(SolutionProperties) = preSolution
		HideSolutionNode = FALSE
	EndGlobalSection
	GlobalSection(ExtensibilityGlobals) = postSolution
		SolutionGuid = {D5F4FCF1-39BC-4224-A610-5A128BE67147}
	EndGlobalSection
EndGlobal
